
Microsoft Visual Studio Solution File, Format Version 12.00
# Visual Studio Version 17
VisualStudioVersion = 17.0.32112.339
MinimumVisualStudioVersion = 10.0.40219.1
Project("{2150E333-8FDC-42A3-9474-1A3956D46DE8}") = "src", "src", "{F2B1B037-E6A0-45AA-B9B3-6D0DBEF06777}"
EndProject
Project("{2150E333-8FDC-42A3-9474-1A3956D46DE8}") = "test", "test", "{05CB0F5E-A401-413E-A34E-A192777CB9A0}"
EndProject
Project("{2150E333-8FDC-42A3-9474-1A3956D46DE8}") = "API", "API", "{A8A0AE04-256B-4515-8498-D9003D6ED678}"
EndProject
Project("{2150E333-8FDC-42A3-9474-1A3956D46DE8}") = "Core", "Core", "{86AF021D-B8D1-4A4E-A70A-FC745A6E98A7}"
EndProject
Project("{2150E333-8FDC-42A3-9474-1A3956D46DE8}") = "Infrastructure", "Infrastructure", "{061BA13E-D524-466B-8657-7A689E5728CE}"
EndProject
Project("{2150E333-8FDC-42A3-9474-1A3956D46DE8}") = "UI", "UI", "{D9ECBFF7-69B3-4C95-87DB-BFFC1BF9CEF1}"
EndProject
Project("{9A19103F-16F7-4668-BE54-9A1E7A4F7556}") = "GloboTicket.TicketManagement.Domain", "GloboTicket.TicketManagement.Domain\GloboTicket.TicketManagement.Domain.csproj", "{768DCEE4-EDA8-483D-B34E-3A82397EC3DE}"
EndProject
Project("{9A19103F-16F7-4668-BE54-9A1E7A4F7556}") = "GloboTicket.TicketManagement.Application", "GloboTicket.TicketManagement.Application\GloboTicket.TicketManagement.Application.csproj", "{0DF5889D-EFA4-47E9-98F6-4017E1A9160E}"
EndProject
Project("{9A19103F-16F7-4668-BE54-9A1E7A4F7556}") = "GloboTicket.TicketManagement.Persistence", "GloboTicket.TicketManagement.Persistence\GloboTicket.TicketManagement.Persistence.csproj", "{DE9457E3-9A29-4D89-8AA2-A19437C6670A}"
EndProject
Project("{9A19103F-16F7-4668-BE54-9A1E7A4F7556}") = "GloboTicket.TicketManagement.Infrastructure", "GloboTicket.TicketManagement.Infrastructure\GloboTicket.TicketManagement.Infrastructure.csproj", "{F7758CE6-C365-4FEA-BB30-ED1A5D6ECB40}"
EndProject
Project("{9A19103F-16F7-4668-BE54-9A1E7A4F7556}") = "GloboTicket.TicketManagement.Api", "GloboTicket.TicketManagement.Api\GloboTicket.TicketManagement.Api.csproj", "{8C0416ED-3271-4748-B339-AEF76D77BB83}"
EndProject
Project("{FAE04EC0-301F-11D3-BF4B-00C04F79EFBC}") = "GloboTicket.TicketManagement.Application.UnitTests", "GloboTicket.TicketManagement.Application.UnitTests\GloboTicket.TicketManagement.Application.UnitTests.csproj", "{D7388ADE-B325-45F5-B52C-0CFA657F61F3}"
EndProject
Global
	GlobalSection(SolutionConfigurationPlatforms) = preSolution
		Debug|Any CPU = Debug|Any CPU
		Release|Any CPU = Release|Any CPU
	EndGlobalSection
	GlobalSection(ProjectConfigurationPlatforms) = postSolution
		{768DCEE4-EDA8-483D-B34E-3A82397EC3DE}.Debug|Any CPU.ActiveCfg = Debug|Any CPU
		{768DCEE4-EDA8-483D-B34E-3A82397EC3DE}.Debug|Any CPU.Build.0 = Debug|Any CPU
		{768DCEE4-EDA8-483D-B34E-3A82397EC3DE}.Release|Any CPU.ActiveCfg = Release|Any CPU
		{768DCEE4-EDA8-483D-B34E-3A82397EC3DE}.Release|Any CPU.Build.0 = Release|Any CPU
		{0DF5889D-EFA4-47E9-98F6-4017E1A9160E}.Debug|Any CPU.ActiveCfg = Debug|Any CPU
		{0DF5889D-EFA4-47E9-98F6-4017E1A9160E}.Debug|Any CPU.Build.0 = Debug|Any CPU
		{0DF5889D-EFA4-47E9-98F6-4017E1A9160E}.Release|Any CPU.ActiveCfg = Release|Any CPU
		{0DF5889D-EFA4-47E9-98F6-4017E1A9160E}.Release|Any CPU.Build.0 = Release|Any CPU
		{DE9457E3-9A29-4D89-8AA2-A19437C6670A}.Debug|Any CPU.ActiveCfg = Debug|Any CPU
		{DE9457E3-9A29-4D89-8AA2-A19437C6670A}.Debug|Any CPU.Build.0 = Debug|Any CPU
		{DE9457E3-9A29-4D89-8AA2-A19437C6670A}.Release|Any CPU.ActiveCfg = Release|Any CPU
		{DE9457E3-9A29-4D89-8AA2-A19437C6670A}.Release|Any CPU.Build.0 = Release|Any CPU
		{F7758CE6-C365-4FEA-BB30-ED1A5D6ECB40}.Debug|Any CPU.ActiveCfg = Debug|Any CPU
		{F7758CE6-C365-4FEA-BB30-ED1A5D6ECB40}.Debug|Any CPU.Build.0 = Debug|Any CPU
		{F7758CE6-C365-4FEA-BB30-ED1A5D6ECB40}.Release|Any CPU.ActiveCfg = Release|Any CPU
		{F7758CE6-C365-4FEA-BB30-ED1A5D6ECB40}.Release|Any CPU.Build.0 = Release|Any CPU
		{8C0416ED-3271-4748-B339-AEF76D77BB83}.Debug|Any CPU.ActiveCfg = Debug|Any CPU
		{8C0416ED-3271-4748-B339-AEF76D77BB83}.Debug|Any CPU.Build.0 = Debug|Any CPU
		{8C0416ED-3271-4748-B339-AEF76D77BB83}.Release|Any CPU.ActiveCfg = Release|Any CPU
		{8C0416ED-3271-4748-B339-AEF76D77BB83}.Release|Any CPU.Build.0 = Release|Any CPU
		{D7388ADE-B325-45F5-B52C-0CFA657F61F3}.Debug|Any CPU.ActiveCfg = Debug|Any CPU
		{D7388ADE-B325-45F5-B52C-0CFA657F61F3}.Debug|Any CPU.Build.0 = Debug|Any CPU
		{D7388ADE-B325-45F5-B52C-0CFA657F61F3}.Release|Any CPU.ActiveCfg = Release|Any CPU
		{D7388ADE-B325-45F5-B52C-0CFA657F61F3}.Release|Any CPU.Build.0 = Release|Any CPU
	EndGlobalSection
	GlobalSection(SolutionProperties) = preSolution
		HideSolutionNode = FALSE
	EndGlobalSection
	GlobalSection(NestedProjects) = preSolution
		{A8A0AE04-256B-4515-8498-D9003D6ED678} = {F2B1B037-E6A0-45AA-B9B3-6D0DBEF06777}
		{86AF021D-B8D1-4A4E-A70A-FC745A6E98A7} = {F2B1B037-E6A0-45AA-B9B3-6D0DBEF06777}
		{061BA13E-D524-466B-8657-7A689E5728CE} = {F2B1B037-E6A0-45AA-B9B3-6D0DBEF06777}
		{D9ECBFF7-69B3-4C95-87DB-BFFC1BF9CEF1} = {F2B1B037-E6A0-45AA-B9B3-6D0DBEF06777}
		{768DCEE4-EDA8-483D-B34E-3A82397EC3DE} = {86AF021D-B8D1-4A4E-A70A-FC745A6E98A7}
		{0DF5889D-EFA4-47E9-98F6-4017E1A9160E} = {86AF021D-B8D1-4A4E-A70A-FC745A6E98A7}
		{DE9457E3-9A29-4D89-8AA2-A19437C6670A} = {061BA13E-D524-466B-8657-7A689E5728CE}
		{F7758CE6-C365-4FEA-BB30-ED1A5D6ECB40} = {061BA13E-D524-466B-8657-7A689E5728CE}
		{8C0416ED-3271-4748-B339-AEF76D77BB83} = {A8A0AE04-256B-4515-8498-D9003D6ED678}
		{D7388ADE-B325-45F5-B52C-0CFA657F61F3} = {05CB0F5E-A401-413E-A34E-A192777CB9A0}
	EndGlobalSection
	GlobalSection(ExtensibilityGlobals) = postSolution
		SolutionGuid = {0394E4BA-C2BD-49BA-899A-1D8053577920}
	EndGlobalSection
EndGlobal
